
Microsoft Visual Studio Solution File, Format Version 12.00
# Visual Studio Version 17
VisualStudioVersion = 17.10.35122.118
MinimumVisualStudioVersion = 10.0.40219.1
Project("{FAE04EC0-301F-11D3-BF4B-00C04F79EFBC}") = "ControleEstoque", "ControleEstoque\ControleEstoque.csproj", "{5F5B5CA4-918F-4D55-9867-A0F8D3BDEC25}"
EndProject
Global
	GlobalSection(SolutionConfigurationPlatforms) = preSolution
		Debug|Any CPU = Debug|Any CPU
		Release|Any CPU = Release|Any CPU
	EndGlobalSection
	GlobalSection(ProjectConfigurationPlatforms) = postSolution
		{5F5B5CA4-918F-4D55-9867-A0F8D3BDEC25}.Debug|Any CPU.ActiveCfg = Debug|Any CPU
		{5F5B5CA4-918F-4D55-9867-A0F8D3BDEC25}.Debug|Any CPU.Build.0 = Debug|Any CPU
		{5F5B5CA4-918F-4D55-9867-A0F8D3BDEC25}.Release|Any CPU.ActiveCfg = Release|Any CPU
		{5F5B5CA4-918F-4D55-9867-A0F8D3BDEC25}.Release|Any CPU.Build.0 = Release|Any CPU
	EndGlobalSection
	GlobalSection(SolutionProperties) = preSolution
		HideSolutionNode = FALSE
	EndGlobalSection
	GlobalSection(ExtensibilityGlobals) = postSolution
		SolutionGuid = {C009A52C-9021-46CC-A25F-D8002AB3E81B}
	EndGlobalSection
EndGlobal
